{
  "nodes": {
    "home-manager-2211": {
      "inputs": {
        "nixpkgs": "nixpkgs",
        "utils": "utils"
      },
      "locked": {
        "narHash": "sha256-tevlLIMPeVNNYPd9UgjHApAUoFAnw9iohqUyj+LPp88=",
        "type": "tarball",
        "url": "https://github.com/nix-community/home-manager/archive/release-22.11.tar.gz"
      },
      "original": {
        "type": "tarball",
        "url": "https://github.com/nix-community/home-manager/archive/release-22.11.tar.gz"
      }
    },
    "home-manager-2311": {
      "inputs": {
        "nixpkgs": "nixpkgs_2"
      },
      "locked": {
        "lastModified": 1706981411,
        "narHash": "sha256-cLbLPTL1CDmETVh4p0nQtvoF+FSEjsnJTFpTxhXywhQ=",
        "type": "tarball",
        "url": "https://github.com/nix-community/home-manager/archive/release-23.11.tar.gz"
      },
      "original": {
        "type": "tarball",
        "url": "https://github.com/nix-community/home-manager/archive/release-23.11.tar.gz"
      }
    },
    "nixos-hardware": {
      "locked": {
        "narHash": "sha256-3CfxA7gZ+DVv/N9Pvw61bV5Oe/mWfxYPyVQGqp9TMJA=",
        "type": "tarball",
        "url": "https://github.com/NixOS/nixos-hardware/archive/83e571b.tar.gz"
      },
      "original": {
        "type": "tarball",
        "url": "https://github.com/NixOS/nixos-hardware/archive/83e571b.tar.gz"
      }
    },
    "nixpkgs": {
      "locked": {
        "lastModified": 1667629849,
        "narHash": "sha256-P+v+nDOFWicM4wziFK9S/ajF2lc0N2Rg9p6Y35uMoZI=",
        "owner": "nixos",
        "repo": "nixpkgs",
        "rev": "3bacde6273b09a21a8ccfba15586fb165078fb62",
        "type": "github"
      },
      "original": {
        "owner": "nixos",
        "ref": "nixos-unstable",
        "repo": "nixpkgs",
        "type": "github"
      }
    },
    "nixpkgs-2311": {
      "locked": {
        "lastModified": 1707091808,
        "narHash": "sha256-LahKBAfGbY836gtpVNnWwBTIzN7yf/uYM/S0g393r0Y=",
        "owner": "NixOS",
        "repo": "nixpkgs",
        "rev": "9f2ee8c91ac42da3ae6c6a1d21555f283458247e",
        "type": "github"
      },
      "original": {
        "owner": "NixOS",
        "ref": "nixos-23.11",
        "repo": "nixpkgs",
        "type": "github"
      }
    },
    "nixpkgs_2": {
      "locked": {
        "lastModified": 1705331948,
        "narHash": "sha256-qjQXfvrAT1/RKDFAMdl8Hw3m4tLVvMCc8fMqzJv0pP4=",
        "owner": "NixOS",
        "repo": "nixpkgs",
        "rev": "b8dd8be3c790215716e7c12b247f45ca525867e2",
        "type": "github"
      },
      "original": {
        "owner": "NixOS",
        "ref": "nixos-23.11",
        "repo": "nixpkgs",
        "type": "github"
      }
    },
    "nixpkgs_3": {
      "locked": {
        "lastModified": 1707099344,
        "narHash": "sha256-TtKolIs+Fm3rleTJ3/mCv391c42KILDnZq0f8PxhSc4=",
        "owner": "NixOS",
        "repo": "nixpkgs",
        "rev": "0a254180b4cad6be45aa46dce896bdb8db5d2930",
        "type": "github"
      },
      "original": {
        "id": "nixpkgs",
        "type": "indirect"
      }
    },
    "root": {
      "inputs": {
        "home-manager-2211": "home-manager-2211",
        "home-manager-2311": "home-manager-2311",
        "nixos-hardware": "nixos-hardware",
        "nixpkgs": "nixpkgs_3",
        "nixpkgs-2311": "nixpkgs-2311"
      }
    },
    "utils": {
      "locked": {
        "lastModified": 1667395993,
        "narHash": "sha256-nuEHfE/LcWyuSWnS8t12N1wc105Qtau+/OdUAjtQ0rA=",
        "owner": "numtide",
        "repo": "flake-utils",
        "rev": "5aed5285a952e0b949eb3ba02c12fa4fcfef535f",
        "type": "github"
      },
      "original": {
        "owner": "numtide",
        "repo": "flake-utils",
        "type": "github"
      }
    }
  },
  "root": "root",
  "version": 7
}
